// !$*UTF8*$!
{
	archiveVersion = 1;
	classes = {
	};
	objectVersion = 46;
	objects = {

/* Begin PBXBuildFile section */
		99817E061B371000006F1810 /* AppDelegate.swift in Sources */ = {isa = PBXBuildFile; fileRef = 99817E051B371000006F1810 /* AppDelegate.swift */; };
		99817E081B371000006F1810 /* GameScene.sks in Resources */ = {isa = PBXBuildFile; fileRef = 99817E071B371000006F1810 /* GameScene.sks */; };
		99817E0A1B371000006F1810 /* GameScene.swift in Sources */ = {isa = PBXBuildFile; fileRef = 99817E091B371000006F1810 /* GameScene.swift */; };
		99817E0C1B371000006F1810 /* GameViewController.swift in Sources */ = {isa = PBXBuildFile; fileRef = 99817E0B1B371000006F1810 /* GameViewController.swift */; };
		99817E0F1B371000006F1810 /* Main.storyboard in Resources */ = {isa = PBXBuildFile; fileRef = 99817E0D1B371000006F1810 /* Main.storyboard */; };
		99817E111B371000006F1810 /* Images.xcassets in Resources */ = {isa = PBXBuildFile; fileRef = 99817E101B371000006F1810 /* Images.xcassets */; };
		99817E141B371000006F1810 /* LaunchScreen.xib in Resources */ = {isa = PBXBuildFile; fileRef = 99817E121B371000006F1810 /* LaunchScreen.xib */; };
		99817E201B371000006F1810 /* PacmanTests.swift in Sources */ = {isa = PBXBuildFile; fileRef = 99817E1F1B371000006F1810 /* PacmanTests.swift */; };
/* End PBXBuildFile section */

/* Begin PBXContainerItemProxy section */
		99817E1A1B371000006F1810 /* PBXContainerItemProxy */ = {
			isa = PBXContainerItemProxy;
			containerPortal = 99817DF81B371000006F1810 /* Project object */;
			proxyType = 1;
			remoteGlobalIDString = 99817DFF1B371000006F1810;
			remoteInfo = Pacman;
		};
/* End PBXContainerItemProxy section */

/* Begin PBXFileReference section */
		99817E001B371000006F1810 /* Pacman.app */ = {isa = PBXFileReference; explicitFileType = wrapper.application; includeInIndex = 0; path = Pacman.app; sourceTree = BUILT_PRODUCTS_DIR; };
		99817E041B371000006F1810 /* Info.plist */ = {isa = PBXFileReference; lastKnownFileType = text.plist.xml; path = Info.plist; sourceTree = "<group>"; };
		99817E051B371000006F1810 /* AppDelegate.swift */ = {isa = PBXFileReference; lastKnownFileType = sourcecode.swift; path = AppDelegate.swift; sourceTree = "<group>"; };
		99817E071B371000006F1810 /* GameScene.sks */ = {isa = PBXFileReference; lastKnownFileType = file.sks; path = GameScene.sks; sourceTree = "<group>"; };
		99817E091B371000006F1810 /* GameScene.swift */ = {isa = PBXFileReference; lastKnownFileType = sourcecode.swift; path = GameScene.swift; sourceTree = "<group>"; };
		99817E0B1B371000006F1810 /* GameViewController.swift */ = {isa = PBXFileReference; lastKnownFileType = sourcecode.swift; path = GameViewController.swift; sourceTree = "<group>"; };
		99817E0E1B371000006F1810 /* Base */ = {isa = PBXFileReference; lastKnownFileType = file.storyboard; name = Base; path = Base.lproj/Main.storyboard; sourceTree = "<group>"; };
		99817E101B371000006F1810 /* Images.xcassets */ = {isa = PBXFileReference; lastKnownFileType = folder.assetcatalog; path = Images.xcassets; sourceTree = "<group>"; };
		99817E131B371000006F1810 /* Base */ = {isa = PBXFileReference; lastKnownFileType = file.xib; name = Base; path = Base.lproj/LaunchScreen.xib; sourceTree = "<group>"; };
		99817E191B371000006F1810 /* PacmanTests.xctest */ = {isa = PBXFileReference; explicitFileType = wrapper.cfbundle; includeInIndex = 0; path = PacmanTests.xctest; sourceTree = BUILT_PRODUCTS_DIR; };
		99817E1E1B371000006F1810 /* Info.plist */ = {isa = PBXFileReference; lastKnownFileType = text.plist.xml; path = Info.plist; sourceTree = "<group>"; };
		99817E1F1B371000006F1810 /* PacmanTests.swift */ = {isa = PBXFileReference; lastKnownFileType = sourcecode.swift; path = PacmanTests.swift; sourceTree = "<group>"; };
/* End PBXFileReference section */

/* Begin PBXFrameworksBuildPhase section */
		99817DFD1B371000006F1810 /* Frameworks */ = {
			isa = PBXFrameworksBuildPhase;
			buildActionMask = 2147483647;
			files = (
			);
			runOnlyForDeploymentPostprocessing = 0;
		};
		99817E161B371000006F1810 /* Frameworks */ = {
			isa = PBXFrameworksBuildPhase;
			buildActionMask = 2147483647;
			files = (
			);
			runOnlyForDeploymentPostprocessing = 0;
		};
/* End PBXFrameworksBuildPhase section */

/* Begin PBXGroup section */
		99817DF71B371000006F1810 = {
			isa = PBXGroup;
			children = (
				99817E021B371000006F1810 /* Pacman */,
				99817E1C1B371000006F1810 /* PacmanTests */,
				99817E011B371000006F1810 /* Products */,
			);
			sourceTree = "<group>";
		};
		99817E011B371000006F1810 /* Products */ = {
			isa = PBXGroup;
			children = (
				99817E001B371000006F1810 /* Pacman.app */,
				99817E191B371000006F1810 /* PacmanTests.xctest */,
			);
			name = Products;
			sourceTree = "<group>";
		};
		99817E021B371000006F1810 /* Pacman */ = {
			isa = PBXGroup;
			children = (
				99817E051B371000006F1810 /* AppDelegate.swift */,
				99817E071B371000006F1810 /* GameScene.sks */,
				99817E091B371000006F1810 /* GameScene.swift */,
				99817E0B1B371000006F1810 /* GameViewController.swift */,
				99817E0D1B371000006F1810 /* Main.storyboard */,
				99817E101B371000006F1810 /* Images.xcassets */,
				99817E121B371000006F1810 /* LaunchScreen.xib */,
				99817E031B371000006F1810 /* Supporting Files */,
			);
			path = Pacman;
			sourceTree = "<group>";
		};
		99817E031B371000006F1810 /* Supporting Files */ = {
			isa = PBXGroup;
			children = (
				99817E041B371000006F1810 /* Info.plist */,
			);
			name = "Supporting Files";
			sourceTree = "<group>";
		};
		99817E1C1B371000006F1810 /* PacmanTests */ = {
			isa = PBXGroup;
			children = (
				99817E1F1B371000006F1810 /* PacmanTests.swift */,
				99817E1D1B371000006F1810 /* Supporting Files */,
			);
			path = PacmanTests;
			sourceTree = "<group>";
		};
		99817E1D1B371000006F1810 /* Supporting Files */ = {
			isa = PBXGroup;
			children = (
				99817E1E1B371000006F1810 /* Info.plist */,
			);
			name = "Supporting Files";
			sourceTree = "<group>";
		};
/* End PBXGroup section */

/* Begin PBXNativeTarget section */
		99817DFF1B371000006F1810 /* Pacman */ = {
			isa = PBXNativeTarget;
			buildConfigurationList = 99817E231B371000006F1810 /* Build configuration list for PBXNativeTarget "Pacman" */;
			buildPhases = (
				99817DFC1B371000006F1810 /* Sources */,
				99817DFD1B371000006F1810 /* Frameworks */,
				99817DFE1B371000006F1810 /* Resources */,
			);
			buildRules = (
			);
			dependencies = (
			);
			name = Pacman;
			productName = Pacman;
			productReference = 99817E001B371000006F1810 /* Pacman.app */;
			productType = "com.apple.product-type.application";
		};
		99817E181B371000006F1810 /* PacmanTests */ = {
			isa = PBXNativeTarget;
			buildConfigurationList = 99817E261B371000006F1810 /* Build configuration list for PBXNativeTarget "PacmanTests" */;
			buildPhases = (
				99817E151B371000006F1810 /* Sources */,
				99817E161B371000006F1810 /* Frameworks */,
				99817E171B371000006F1810 /* Resources */,
			);
			buildRules = (
			);
			dependencies = (
				99817E1B1B371000006F1810 /* PBXTargetDependency */,
			);
			name = PacmanTests;
			productName = PacmanTests;
			productReference = 99817E191B371000006F1810 /* PacmanTests.xctest */;
			productType = "com.apple.product-type.bundle.unit-test";
		};
/* End PBXNativeTarget section */

/* Begin PBXProject section */
		99817DF81B371000006F1810 /* Project object */ = {
			isa = PBXProject;
			attributes = {
				LastUpgradeCheck = 0630;
				ORGANIZATIONNAME = CJNevin;
				TargetAttributes = {
					99817DFF1B371000006F1810 = {
						CreatedOnToolsVersion = 6.3.2;
					};
					99817E181B371000006F1810 = {
						CreatedOnToolsVersion = 6.3.2;
						TestTargetID = 99817DFF1B371000006F1810;
					};
				};
			};
			buildConfigurationList = 99817DFB1B371000006F1810 /* Build configuration list for PBXProject "Pacman" */;
			compatibilityVersion = "Xcode 3.2";
			developmentRegion = English;
			hasScannedForEncodings = 0;
			knownRegions = (
				en,
				Base,
			);
			mainGroup = 99817DF71B371000006F1810;
			productRefGroup = 99817E011B371000006F1810 /* Products */;
			projectDirPath = "";
			projectRoot = "";
			targets = (
				99817DFF1B371000006F1810 /* Pacman */,
				99817E181B371000006F1810 /* PacmanTests */,
			);
		};
/* End PBXProject section */

/* Begin PBXResourcesBuildPhase section */
		99817DFE1B371000006F1810 /* Resources */ = {
			isa = PBXResourcesBuildPhase;
			buildActionMask = 2147483647;
			files = (
				99817E141B371000006F1810 /* LaunchScreen.xib in Resources */,
				99817E111B371000006F1810 /* Images.xcassets in Resources */,
				99817E081B371000006F1810 /* GameScene.sks in Resources */,
				99817E0F1B371000006F1810 /* Main.storyboard in Resources */,
			);
			runOnlyForDeploymentPostprocessing = 0;
		};
		99817E171B371000006F1810 /* Resources */ = {
			isa = PBXResourcesBuildPhase;
			buildActionMask = 2147483647;
			files = (
			);
			runOnlyForDeploymentPostprocessing = 0;
		};
/* End PBXResourcesBuildPhase section */

/* Begin PBXSourcesBuildPhase section */
		99817DFC1B371000006F1810 /* Sources */ = {
			isa = PBXSourcesBuildPhase;
			buildActionMask = 2147483647;
			files = (
				99817E0A1B371000006F1810 /* GameScene.swift in Sources */,
				99817E0C1B371000006F1810 /* GameViewController.swift in Sources */,
				99817E061B371000006F1810 /* AppDelegate.swift in Sources */,
			);
			runOnlyForDeploymentPostprocessing = 0;
		};
		99817E151B371000006F1810 /* Sources */ = {
			isa = PBXSourcesBuildPhase;
			buildActionMask = 2147483647;
			files = (
				99817E201B371000006F1810 /* PacmanTests.swift in Sources */,
			);
			runOnlyForDeploymentPostprocessing = 0;
		};
/* End PBXSourcesBuildPhase section */

/* Begin PBXTargetDependency section */
		99817E1B1B371000006F1810 /* PBXTargetDependency */ = {
			isa = PBXTargetDependency;
			target = 99817DFF1B371000006F1810 /* Pacman */;
			targetProxy = 99817E1A1B371000006F1810 /* PBXContainerItemProxy */;
		};
/* End PBXTargetDependency section */

/* Begin PBXVariantGroup section */
		99817E0D1B371000006F1810 /* Main.storyboard */ = {
			isa = PBXVariantGroup;
			children = (
				99817E0E1B371000006F1810 /* Base */,
			);
			name = Main.storyboard;
			sourceTree = "<group>";
		};
		99817E121B371000006F1810 /* LaunchScreen.xib */ = {
			isa = PBXVariantGroup;
			children = (
				99817E131B371000006F1810 /* Base */,
			);
			name = LaunchScreen.xib;
			sourceTree = "<group>";
		};
/* End PBXVariantGroup section */

/* Begin XCBuildConfiguration section */
		99817E211B371000006F1810 /* Debug */ = {
			isa = XCBuildConfiguration;
			buildSettings = {
				ALWAYS_SEARCH_USER_PATHS = NO;
				CLANG_CXX_LANGUAGE_STANDARD = "gnu++0x";
				CLANG_CXX_LIBRARY = "libc++";
				CLANG_ENABLE_MODULES = YES;
				CLANG_ENABLE_OBJC_ARC = YES;
				CLANG_WARN_BOOL_CONVERSION = YES;
				CLANG_WARN_CONSTANT_CONVERSION = YES;
				CLANG_WARN_DIRECT_OBJC_ISA_USAGE = YES_ERROR;
				CLANG_WARN_EMPTY_BODY = YES;
				CLANG_WARN_ENUM_CONVERSION = YES;
				CLANG_WARN_INT_CONVERSION = YES;
				CLANG_WARN_OBJC_ROOT_CLASS = YES_ERROR;
				CLANG_WARN_UNREACHABLE_CODE = YES;
				CLANG_WARN__DUPLICATE_METHOD_MATCH = YES;
				"CODE_SIGN_IDENTITY[sdk=iphoneos*]" = "iPhone Developer";
				COPY_PHASE_STRIP = NO;
				DEBUG_INFORMATION_FORMAT = "dwarf-with-dsym";
				ENABLE_STRICT_OBJC_MSGSEND = YES;
				GCC_C_LANGUAGE_STANDARD = gnu99;
				GCC_DYNAMIC_NO_PIC = NO;
				GCC_NO_COMMON_BLOCKS = YES;
				GCC_OPTIMIZATION_LEVEL = 0;
				GCC_PREPROCESSOR_DEFINITIONS = (
					"DEBUG=1",
					"$(inherited)",
				);
				GCC_SYMBOLS_PRIVATE_EXTERN = NO;
				GCC_WARN_64_TO_32_BIT_CONVERSION = YES;
				GCC_WARN_ABOUT_RETURN_TYPE = YES_ERROR;
				GCC_WARN_UNDECLARED_SELECTOR = YES;
				GCC_WARN_UNINITIALIZED_AUTOS = YES_AGGRESSIVE;
				GCC_WARN_UNUSED_FUNCTION = YES;
				GCC_WARN_UNUSED_VARIABLE = YES;
				IPHONEOS_DEPLOYMENT_TARGET = 8.3;
				MTL_ENABLE_DEBUG_INFO = YES;
				ONLY_ACTIVE_ARCH = YES;
				SDKROOT = iphoneos;
				SWIFT_OPTIMIZATION_LEVEL = "-Onone";
				TARGETED_DEVICE_FAMILY = "1,2";
			};
			name = Debug;
		};
		99817E221B371000006F1810 /* Release */ = {
			isa = XCBuildConfiguration;
			buildSettings = {
				ALWAYS_SEARCH_USER_PATHS = NO;
				CLANG_CXX_LANGUAGE_STANDARD = "gnu++0x";
				CLANG_CXX_LIBRARY = "libc++";
				CLANG_ENABLE_MODULES = YES;
				CLANG_ENABLE_OBJC_ARC = YES;
				CLANG_WARN_BOOL_CONVERSION = YES;
				CLANG_WARN_CONSTANT_CONVERSION = YES;
				CLANG_WARN_DIRECT_OBJC_ISA_USAGE = YES_ERROR;
				CLANG_WARN_EMPTY_BODY = YES;
				CLANG_WARN_ENUM_CONVERSION = YES;
				CLANG_WARN_INT_CONVERSION = YES;
				CLANG_WARN_OBJC_ROOT_CLASS = YES_ERROR;
				CLANG_WARN_UNREACHABLE_CODE = YES;
				CLANG_WARN__DUPLICATE_METHOD_MATCH = YES;
				"CODE_SIGN_IDENTITY[sdk=iphoneos*]" = "iPhone Developer";
				COPY_PHASE_STRIP = NO;
				DEBUG_INFORMATION_FORMAT = "dwarf-with-dsym";
				ENABLE_NS_ASSERTIONS = NO;
				ENABLE_STRICT_OBJC_MSGSEND = YES;
				GCC_C_LANGUAGE_STANDARD = gnu99;
				GCC_NO_COMMON_BLOCKS = YES;
				GCC_WARN_64_TO_32_BIT_CONVERSION = YES;
				GCC_WARN_ABOUT_RETURN_TYPE = YES_ERROR;
				GCC_WARN_UNDECLARED_SELECTOR = YES;
				GCC_WARN_UNINITIALIZED_AUTOS = YES_AGGRESSIVE;
				GCC_WARN_UNUSED_FUNCTION = YES;
				GCC_WARN_UNUSED_VARIABLE = YES;
				IPHONEOS_DEPLOYMENT_TARGET = 8.3;
				MTL_ENABLE_DEBUG_INFO = NO;
				SDKROOT = iphoneos;
				TARGETED_DEVICE_FAMILY = "1,2";
				VALIDATE_PRODUCT = YES;
			};
			name = Release;
		};
		99817E241B371000006F1810 /* Debug */ = {
			isa = XCBuildConfiguration;
			buildSettings = {
				ASSETCATALOG_COMPILER_APPICON_NAME = AppIcon;
				INFOPLIST_FILE = Pacman/Info.plist;
				LD_RUNPATH_SEARCH_PATHS = "$(inherited) @executable_path/Frameworks";
				PRODUCT_NAME = "$(TARGET_NAME)";
			};
			name = Debug;
		};
		99817E251B371000006F1810 /* Release */ = {
			isa = XCBuildConfiguration;
			buildSettings = {
				ASSETCATALOG_COMPILER_APPICON_NAME = AppIcon;
				INFOPLIST_FILE = Pacman/Info.plist;
				LD_RUNPATH_SEARCH_PATHS = "$(inherited) @executable_path/Frameworks";
				PRODUCT_NAME = "$(TARGET_NAME)";
			};
			name = Release;
		};
		99817E271B371000006F1810 /* Debug */ = {
			isa = XCBuildConfiguration;
			buildSettings = {
				BUNDLE_LOADER = "$(TEST_HOST)";
				FRAMEWORK_SEARCH_PATHS = (
					"$(SDKROOT)/Developer/Library/Frameworks",
					"$(inherited)",
				);
				GCC_PREPROCESSOR_DEFINITIONS = (
					"DEBUG=1",
					"$(inherited)",
				);
				INFOPLIST_FILE = PacmanTests/Info.plist;
				LD_RUNPATH_SEARCH_PATHS = "$(inherited) @executable_path/Frameworks @loader_path/Frameworks";
				PRODUCT_NAME = "$(TARGET_NAME)";
				TEST_HOST = "$(BUILT_PRODUCTS_DIR)/Pacman.app/Pacman";
			};
			name = Debug;
		};
		99817E281B371000006F1810 /* Release */ = {
			isa = XCBuildConfiguration;
			buildSettings = {
				BUNDLE_LOADER = "$(TEST_HOST)";
				FRAMEWORK_SEARCH_PATHS = (
					"$(SDKROOT)/Developer/Library/Frameworks",
					"$(inherited)",
				);
				INFOPLIST_FILE = PacmanTests/Info.plist;
				LD_RUNPATH_SEARCH_PATHS = "$(inherited) @executable_path/Frameworks @loader_path/Frameworks";
				PRODUCT_NAME = "$(TARGET_NAME)";
				TEST_HOST = "$(BUILT_PRODUCTS_DIR)/Pacman.app/Pacman";
			};
			name = Release;
		};
/* End XCBuildConfiguration section */

/* Begin XCConfigurationList section */
		99817DFB1B371000006F1810 /* Build configuration list for PBXProject "Pacman" */ = {
			isa = XCConfigurationList;
			buildConfigurations = (
				99817E211B371000006F1810 /* Debug */,
				99817E221B371000006F1810 /* Release */,
			);
			defaultConfigurationIsVisible = 0;
			defaultConfigurationName = Release;
		};
		99817E231B371000006F1810 /* Build configuration list for PBXNativeTarget "Pacman" */ = {
			isa = XCConfigurationList;
			buildConfigurations = (
				99817E241B371000006F1810 /* Debug */,
				99817E251B371000006F1810 /* Release */,
			);
			defaultConfigurationIsVisible = 0;
		};
		99817E261B371000006F1810 /* Build configuration list for PBXNativeTarget "PacmanTests" */ = {
			isa = XCConfigurationList;
			buildConfigurations = (
				99817E271B371000006F1810 /* Debug */,
				99817E281B371000006F1810 /* Release */,
			);
			defaultConfigurationIsVisible = 0;
		};
/* End XCConfigurationList section */
	};
	rootObject = 99817DF81B371000006F1810 /* Project object */;
}
